<Solution>
  <Project Path="Application/Application.csproj" />
  <Project Path="Domain/Domain.csproj" />
  <Project Path="Infrastructure/Infrastructure.csproj" />
  <Project Path="Multitoolbot/StopsTelegramBot.csproj" Id="d9f259a2-7342-44d4-bf8b-08a506ece524" />
  <Project Path="PermGorTrans/PermGorTrans.ApiClient.csproj" Id="f4f3a915-006c-41e3-9643-f9a98300bfe3" />
  <Project Path="Services/Services.csproj" />
</Solution>
